
Microsoft Visual Studio Solution File, Format Version 12.00
# Visual Studio 15
VisualStudioVersion = 15.0.26124.0
MinimumVisualStudioVersion = 15.0.26124.0
Project("{F2A71F9B-5D33-465A-A702-920D77279786}") = "OpenVpnStatusSharp", "OpenVpnStatusSharp\OpenVpnStatusSharp.fsproj", "{4999A0EC-6BED-4D34-97F9-3BEA3A2FF854}"
EndProject
Project("{F2A71F9B-5D33-465A-A702-920D77279786}") = "OpenVpnStatusSharp.Tests", "OpenVpnStatusSharp.Tests\OpenVpnStatusSharp.Tests.fsproj", "{13216EEA-B5A5-4518-B205-D79C5AF3E1B2}"
EndProject
Global
	GlobalSection(SolutionConfigurationPlatforms) = preSolution
		Debug|Any CPU = Debug|Any CPU
		Debug|x64 = Debug|x64
		Debug|x86 = Debug|x86
		Release|Any CPU = Release|Any CPU
		Release|x64 = Release|x64
		Release|x86 = Release|x86
	EndGlobalSection
	GlobalSection(SolutionProperties) = preSolution
		HideSolutionNode = FALSE
	EndGlobalSection
	GlobalSection(ProjectConfigurationPlatforms) = postSolution
		{4999A0EC-6BED-4D34-97F9-3BEA3A2FF854}.Debug|Any CPU.ActiveCfg = Debug|Any CPU
		{4999A0EC-6BED-4D34-97F9-3BEA3A2FF854}.Debug|Any CPU.Build.0 = Debug|Any CPU
		{4999A0EC-6BED-4D34-97F9-3BEA3A2FF854}.Debug|x64.ActiveCfg = Debug|Any CPU
		{4999A0EC-6BED-4D34-97F9-3BEA3A2FF854}.Debug|x64.Build.0 = Debug|Any CPU
		{4999A0EC-6BED-4D34-97F9-3BEA3A2FF854}.Debug|x86.ActiveCfg = Debug|Any CPU
		{4999A0EC-6BED-4D34-97F9-3BEA3A2FF854}.Debug|x86.Build.0 = Debug|Any CPU
		{4999A0EC-6BED-4D34-97F9-3BEA3A2FF854}.Release|Any CPU.ActiveCfg = Release|Any CPU
		{4999A0EC-6BED-4D34-97F9-3BEA3A2FF854}.Release|Any CPU.Build.0 = Release|Any CPU
		{4999A0EC-6BED-4D34-97F9-3BEA3A2FF854}.Release|x64.ActiveCfg = Release|Any CPU
		{4999A0EC-6BED-4D34-97F9-3BEA3A2FF854}.Release|x64.Build.0 = Release|Any CPU
		{4999A0EC-6BED-4D34-97F9-3BEA3A2FF854}.Release|x86.ActiveCfg = Release|Any CPU
		{4999A0EC-6BED-4D34-97F9-3BEA3A2FF854}.Release|x86.Build.0 = Release|Any CPU
		{13216EEA-B5A5-4518-B205-D79C5AF3E1B2}.Debug|Any CPU.ActiveCfg = Debug|Any CPU
		{13216EEA-B5A5-4518-B205-D79C5AF3E1B2}.Debug|Any CPU.Build.0 = Debug|Any CPU
		{13216EEA-B5A5-4518-B205-D79C5AF3E1B2}.Debug|x64.ActiveCfg = Debug|Any CPU
		{13216EEA-B5A5-4518-B205-D79C5AF3E1B2}.Debug|x64.Build.0 = Debug|Any CPU
		{13216EEA-B5A5-4518-B205-D79C5AF3E1B2}.Debug|x86.ActiveCfg = Debug|Any CPU
		{13216EEA-B5A5-4518-B205-D79C5AF3E1B2}.Debug|x86.Build.0 = Debug|Any CPU
		{13216EEA-B5A5-4518-B205-D79C5AF3E1B2}.Release|Any CPU.ActiveCfg = Release|Any CPU
		{13216EEA-B5A5-4518-B205-D79C5AF3E1B2}.Release|Any CPU.Build.0 = Release|Any CPU
		{13216EEA-B5A5-4518-B205-D79C5AF3E1B2}.Release|x64.ActiveCfg = Release|Any CPU
		{13216EEA-B5A5-4518-B205-D79C5AF3E1B2}.Release|x64.Build.0 = Release|Any CPU
		{13216EEA-B5A5-4518-B205-D79C5AF3E1B2}.Release|x86.ActiveCfg = Release|Any CPU
		{13216EEA-B5A5-4518-B205-D79C5AF3E1B2}.Release|x86.Build.0 = Release|Any CPU
	EndGlobalSection
EndGlobal
